// !$*UTF8*$!
{
	archiveVersion = 1;
	classes = {
	};
	objectVersion = 46;
	objects = {

/* Begin PBXBuildFile section */
		3D2517451F58B47C0018E0E2 /* AppDelegate.swift in Sources */ = {isa = PBXBuildFile; fileRef = 3D2517441F58B47C0018E0E2 /* AppDelegate.swift */; };
		3D2517471F58B47C0018E0E2 /* ViewController.swift in Sources */ = {isa = PBXBuildFile; fileRef = 3D2517461F58B47C0018E0E2 /* ViewController.swift */; };
		3D25174A1F58B47C0018E0E2 /* Main.storyboard in Resources */ = {isa = PBXBuildFile; fileRef = 3D2517481F58B47C0018E0E2 /* Main.storyboard */; };
		3D25174C1F58B47C0018E0E2 /* Assets.xcassets in Resources */ = {isa = PBXBuildFile; fileRef = 3D25174B1F58B47C0018E0E2 /* Assets.xcassets */; };
		3D25174F1F58B47C0018E0E2 /* LaunchScreen.storyboard in Resources */ = {isa = PBXBuildFile; fileRef = 3D25174D1F58B47C0018E0E2 /* LaunchScreen.storyboard */; };
		3D8DAE661F5B3EF70095357C /* PatientViewController.swift in Sources */ = {isa = PBXBuildFile; fileRef = 3D8DAE651F5B3EF70095357C /* PatientViewController.swift */; };
		3D8DAE6D1F5B56F40095357C /* Global.swift in Sources */ = {isa = PBXBuildFile; fileRef = 3D8DAE6C1F5B56F40095357C /* Global.swift */; };
		3D8DAE701F5C65660095357C /* PatientTableViewCell.swift in Sources */ = {isa = PBXBuildFile; fileRef = 3D8DAE6F1F5C65660095357C /* PatientTableViewCell.swift */; };
		3D8DAF991F5C916F0095357C /* Alamofire.framework in Frameworks */ = {isa = PBXBuildFile; fileRef = 3D8DAF8C1F5C91460095357C /* Alamofire.framework */; };
		3D8DAF9A1F5C916F0095357C /* Alamofire.framework in Embed Frameworks */ = {isa = PBXBuildFile; fileRef = 3D8DAF8C1F5C91460095357C /* Alamofire.framework */; settings = {ATTRIBUTES = (CodeSignOnCopy, RemoveHeadersOnCopy, ); }; };
		3D8DAFA21F5C92DD0095357C /* ObserverViewController.swift in Sources */ = {isa = PBXBuildFile; fileRef = 3D8DAFA11F5C92DD0095357C /* ObserverViewController.swift */; };
		3D8DAFB21F5C9BDD0095357C /* UIButtonX.swift in Sources */ = {isa = PBXBuildFile; fileRef = 3D8DAFA81F5C9BDD0095357C /* UIButtonX.swift */; };
		3D8DAFB31F5C9BDD0095357C /* UIImageViewX.swift in Sources */ = {isa = PBXBuildFile; fileRef = 3D8DAFA91F5C9BDD0095357C /* UIImageViewX.swift */; };
		3D8DAFB41F5C9BDD0095357C /* UILabelX.swift in Sources */ = {isa = PBXBuildFile; fileRef = 3D8DAFAA1F5C9BDD0095357C /* UILabelX.swift */; };
		3D8DAFB51F5C9BDD0095357C /* UISliderX.swift in Sources */ = {isa = PBXBuildFile; fileRef = 3D8DAFAB1F5C9BDD0095357C /* UISliderX.swift */; };
		3D8DAFB61F5C9BDD0095357C /* UITextFieldX.swift in Sources */ = {isa = PBXBuildFile; fileRef = 3D8DAFAC1F5C9BDD0095357C /* UITextFieldX.swift */; };
		3D8DAFB71F5C9BDD0095357C /* UIViewAnchorPoint.swift in Sources */ = {isa = PBXBuildFile; fileRef = 3D8DAFAD1F5C9BDD0095357C /* UIViewAnchorPoint.swift */; };
		3D8DAFB81F5C9BDD0095357C /* UIViewControllerX.swift in Sources */ = {isa = PBXBuildFile; fileRef = 3D8DAFAE1F5C9BDD0095357C /* UIViewControllerX.swift */; };
		3D8DAFB91F5C9BDD0095357C /* UIViewX.swift in Sources */ = {isa = PBXBuildFile; fileRef = 3D8DAFAF1F5C9BDD0095357C /* UIViewX.swift */; };
		3D8DAFBA1F5C9BDD0095357C /* UIViewXRadialGradient.swift in Sources */ = {isa = PBXBuildFile; fileRef = 3D8DAFB01F5C9BDD0095357C /* UIViewXRadialGradient.swift */; };
		3D8DAFBB1F5C9BDD0095357C /* UIVisualEffectViewX.swift in Sources */ = {isa = PBXBuildFile; fileRef = 3D8DAFB11F5C9BDD0095357C /* UIVisualEffectViewX.swift */; };
		3D8DAFC81F5DA74A0095357C /* SwiftKeychainWrapper.framework in Frameworks */ = {isa = PBXBuildFile; fileRef = 3D8DAFC31F5DA7200095357C /* SwiftKeychainWrapper.framework */; };
		3D8DAFC91F5DA74A0095357C /* SwiftKeychainWrapper.framework in Embed Frameworks */ = {isa = PBXBuildFile; fileRef = 3D8DAFC31F5DA7200095357C /* SwiftKeychainWrapper.framework */; settings = {ATTRIBUTES = (CodeSignOnCopy, RemoveHeadersOnCopy, ); }; };
		3D8DAFCD1F5DAB370095357C /* RegistrationViewController.swift in Sources */ = {isa = PBXBuildFile; fileRef = 3D8DAFCC1F5DAB370095357C /* RegistrationViewController.swift */; };
/* End PBXBuildFile section */

/* Begin PBXContainerItemProxy section */
		3D8DAF8B1F5C91460095357C /* PBXContainerItemProxy */ = {
			isa = PBXContainerItemProxy;
			containerPortal = 3D8DAF801F5C91460095357C /* Alamofire.xcodeproj */;
			proxyType = 2;
			remoteGlobalIDString = F8111E3319A95C8B0040E7D1;
			remoteInfo = "Alamofire iOS";
		};
		3D8DAF8D1F5C91460095357C /* PBXContainerItemProxy */ = {
			isa = PBXContainerItemProxy;
			containerPortal = 3D8DAF801F5C91460095357C /* Alamofire.xcodeproj */;
			proxyType = 2;
			remoteGlobalIDString = F8111E3E19A95C8B0040E7D1;
			remoteInfo = "Alamofire iOS Tests";
		};
		3D8DAF8F1F5C91460095357C /* PBXContainerItemProxy */ = {
			isa = PBXContainerItemProxy;
			containerPortal = 3D8DAF801F5C91460095357C /* Alamofire.xcodeproj */;
			proxyType = 2;
			remoteGlobalIDString = 4DD67C0B1A5C55C900ED2280;
			remoteInfo = "Alamofire macOS";
		};
		3D8DAF911F5C91460095357C /* PBXContainerItemProxy */ = {
			isa = PBXContainerItemProxy;
			containerPortal = 3D8DAF801F5C91460095357C /* Alamofire.xcodeproj */;
			proxyType = 2;
			remoteGlobalIDString = F829C6B21A7A94F100A2CD59;
			remoteInfo = "Alamofire macOS Tests";
		};
		3D8DAF931F5C91460095357C /* PBXContainerItemProxy */ = {
			isa = PBXContainerItemProxy;
			containerPortal = 3D8DAF801F5C91460095357C /* Alamofire.xcodeproj */;
			proxyType = 2;
			remoteGlobalIDString = 4CF626EF1BA7CB3E0011A099;
			remoteInfo = "Alamofire tvOS";
		};
		3D8DAF951F5C91460095357C /* PBXContainerItemProxy */ = {
			isa = PBXContainerItemProxy;
			containerPortal = 3D8DAF801F5C91460095357C /* Alamofire.xcodeproj */;
			proxyType = 2;
			remoteGlobalIDString = 4CF626F81BA7CB3E0011A099;
			remoteInfo = "Alamofire tvOS Tests";
		};
		3D8DAF971F5C91460095357C /* PBXContainerItemProxy */ = {
			isa = PBXContainerItemProxy;
			containerPortal = 3D8DAF801F5C91460095357C /* Alamofire.xcodeproj */;
			proxyType = 2;
			remoteGlobalIDString = E4202FE01B667AA100C997FB;
			remoteInfo = "Alamofire watchOS";
		};
		3D8DAF9B1F5C916F0095357C /* PBXContainerItemProxy */ = {
			isa = PBXContainerItemProxy;
			containerPortal = 3D8DAF801F5C91460095357C /* Alamofire.xcodeproj */;
			proxyType = 1;
			remoteGlobalIDString = F8111E3219A95C8B0040E7D1;
			remoteInfo = "Alamofire iOS";
		};
		3D8DAFC21F5DA7200095357C /* PBXContainerItemProxy */ = {
			isa = PBXContainerItemProxy;
			containerPortal = 3D8DAFBC1F5DA7200095357C /* SwiftKeychainWrapper.xcodeproj */;
			proxyType = 2;
			remoteGlobalIDString = 9694C2B01A66097F005B3030;
			remoteInfo = SwiftKeychainWrapper;
		};
		3D8DAFC41F5DA7200095357C /* PBXContainerItemProxy */ = {
			isa = PBXContainerItemProxy;
			containerPortal = 3D8DAFBC1F5DA7200095357C /* SwiftKeychainWrapper.xcodeproj */;
			proxyType = 2;
			remoteGlobalIDString = 9694C2BA1A66097F005B3030;
			remoteInfo = SwiftKeychainWrapperTests;
		};
		3D8DAFC61F5DA7200095357C /* PBXContainerItemProxy */ = {
			isa = PBXContainerItemProxy;
			containerPortal = 3D8DAFBC1F5DA7200095357C /* SwiftKeychainWrapper.xcodeproj */;
			proxyType = 2;
			remoteGlobalIDString = 47E429C61DCCE2FD002BE498;
			remoteInfo = TestHostApp;
		};
		3D8DAFCA1F5DA74A0095357C /* PBXContainerItemProxy */ = {
			isa = PBXContainerItemProxy;
			containerPortal = 3D8DAFBC1F5DA7200095357C /* SwiftKeychainWrapper.xcodeproj */;
			proxyType = 1;
			remoteGlobalIDString = 9694C2AF1A66097F005B3030;
			remoteInfo = SwiftKeychainWrapper;
		};
/* End PBXContainerItemProxy section */

/* Begin PBXCopyFilesBuildPhase section */
		3D8DAF9D1F5C91700095357C /* Embed Frameworks */ = {
			isa = PBXCopyFilesBuildPhase;
			buildActionMask = 2147483647;
			dstPath = "";
			dstSubfolderSpec = 10;
			files = (
				3D8DAFC91F5DA74A0095357C /* SwiftKeychainWrapper.framework in Embed Frameworks */,
				3D8DAF9A1F5C916F0095357C /* Alamofire.framework in Embed Frameworks */,
			);
			name = "Embed Frameworks";
			runOnlyForDeploymentPostprocessing = 0;
		};
/* End PBXCopyFilesBuildPhase section */

/* Begin PBXFileReference section */
		3D2517411F58B47C0018E0E2 /* Observer-Assist.app */ = {isa = PBXFileReference; explicitFileType = wrapper.application; includeInIndex = 0; path = "Observer-Assist.app"; sourceTree = BUILT_PRODUCTS_DIR; };
		3D2517441F58B47C0018E0E2 /* AppDelegate.swift */ = {isa = PBXFileReference; lastKnownFileType = sourcecode.swift; path = AppDelegate.swift; sourceTree = "<group>"; };
		3D2517461F58B47C0018E0E2 /* ViewController.swift */ = {isa = PBXFileReference; lastKnownFileType = sourcecode.swift; path = ViewController.swift; sourceTree = "<group>"; };
		3D2517491F58B47C0018E0E2 /* Base */ = {isa = PBXFileReference; lastKnownFileType = file.storyboard; name = Base; path = Base.lproj/Main.storyboard; sourceTree = "<group>"; };
		3D25174B1F58B47C0018E0E2 /* Assets.xcassets */ = {isa = PBXFileReference; lastKnownFileType = folder.assetcatalog; path = Assets.xcassets; sourceTree = "<group>"; };
		3D25174E1F58B47C0018E0E2 /* Base */ = {isa = PBXFileReference; lastKnownFileType = file.storyboard; name = Base; path = Base.lproj/LaunchScreen.storyboard; sourceTree = "<group>"; };
		3D2517501F58B47C0018E0E2 /* Info.plist */ = {isa = PBXFileReference; lastKnownFileType = text.plist.xml; path = Info.plist; sourceTree = "<group>"; };
		3D8DAE651F5B3EF70095357C /* PatientViewController.swift */ = {isa = PBXFileReference; fileEncoding = 4; lastKnownFileType = sourcecode.swift; path = PatientViewController.swift; sourceTree = "<group>"; };
		3D8DAE6C1F5B56F40095357C /* Global.swift */ = {isa = PBXFileReference; fileEncoding = 4; lastKnownFileType = sourcecode.swift; path = Global.swift; sourceTree = "<group>"; };
		3D8DAE6F1F5C65660095357C /* PatientTableViewCell.swift */ = {isa = PBXFileReference; fileEncoding = 4; lastKnownFileType = sourcecode.swift; path = PatientTableViewCell.swift; sourceTree = "<group>"; };
		3D8DAF801F5C91460095357C /* Alamofire.xcodeproj */ = {isa = PBXFileReference; lastKnownFileType = "wrapper.pb-project"; name = Alamofire.xcodeproj; path = "../Alamofire-master/Alamofire.xcodeproj"; sourceTree = "<group>"; };
		3D8DAFA11F5C92DD0095357C /* ObserverViewController.swift */ = {isa = PBXFileReference; fileEncoding = 4; lastKnownFileType = sourcecode.swift; path = ObserverViewController.swift; sourceTree = "<group>"; };
		3D8DAFA81F5C9BDD0095357C /* UIButtonX.swift */ = {isa = PBXFileReference; fileEncoding = 4; lastKnownFileType = sourcecode.swift; path = UIButtonX.swift; sourceTree = "<group>"; };
		3D8DAFA91F5C9BDD0095357C /* UIImageViewX.swift */ = {isa = PBXFileReference; fileEncoding = 4; lastKnownFileType = sourcecode.swift; path = UIImageViewX.swift; sourceTree = "<group>"; };
		3D8DAFAA1F5C9BDD0095357C /* UILabelX.swift */ = {isa = PBXFileReference; fileEncoding = 4; lastKnownFileType = sourcecode.swift; path = UILabelX.swift; sourceTree = "<group>"; };
		3D8DAFAB1F5C9BDD0095357C /* UISliderX.swift */ = {isa = PBXFileReference; fileEncoding = 4; lastKnownFileType = sourcecode.swift; path = UISliderX.swift; sourceTree = "<group>"; };
		3D8DAFAC1F5C9BDD0095357C /* UITextFieldX.swift */ = {isa = PBXFileReference; fileEncoding = 4; lastKnownFileType = sourcecode.swift; path = UITextFieldX.swift; sourceTree = "<group>"; };
		3D8DAFAD1F5C9BDD0095357C /* UIViewAnchorPoint.swift */ = {isa = PBXFileReference; fileEncoding = 4; lastKnownFileType = sourcecode.swift; path = UIViewAnchorPoint.swift; sourceTree = "<group>"; };
		3D8DAFAE1F5C9BDD0095357C /* UIViewControllerX.swift */ = {isa = PBXFileReference; fileEncoding = 4; lastKnownFileType = sourcecode.swift; path = UIViewControllerX.swift; sourceTree = "<group>"; };
		3D8DAFAF1F5C9BDD0095357C /* UIViewX.swift */ = {isa = PBXFileReference; fileEncoding = 4; lastKnownFileType = sourcecode.swift; path = UIViewX.swift; sourceTree = "<group>"; };
		3D8DAFB01F5C9BDD0095357C /* UIViewXRadialGradient.swift */ = {isa = PBXFileReference; fileEncoding = 4; lastKnownFileType = sourcecode.swift; path = UIViewXRadialGradient.swift; sourceTree = "<group>"; };
		3D8DAFB11F5C9BDD0095357C /* UIVisualEffectViewX.swift */ = {isa = PBXFileReference; fileEncoding = 4; lastKnownFileType = sourcecode.swift; path = UIVisualEffectViewX.swift; sourceTree = "<group>"; };
		3D8DAFBC1F5DA7200095357C /* SwiftKeychainWrapper.xcodeproj */ = {isa = PBXFileReference; lastKnownFileType = "wrapper.pb-project"; name = SwiftKeychainWrapper.xcodeproj; path = "../packages/SwiftKeychainWrapper-develop/SwiftKeychainWrapper.xcodeproj"; sourceTree = "<group>"; };
		3D8DAFCC1F5DAB370095357C /* RegistrationViewController.swift */ = {isa = PBXFileReference; fileEncoding = 4; lastKnownFileType = sourcecode.swift; path = RegistrationViewController.swift; sourceTree = "<group>"; };
/* End PBXFileReference section */

/* Begin PBXFrameworksBuildPhase section */
		3D25173E1F58B47C0018E0E2 /* Frameworks */ = {
			isa = PBXFrameworksBuildPhase;
			buildActionMask = 2147483647;
			files = (
				3D8DAFC81F5DA74A0095357C /* SwiftKeychainWrapper.framework in Frameworks */,
				3D8DAF991F5C916F0095357C /* Alamofire.framework in Frameworks */,
			);
			runOnlyForDeploymentPostprocessing = 0;
		};
/* End PBXFrameworksBuildPhase section */

/* Begin PBXGroup section */
		3D2517381F58B47C0018E0E2 = {
			isa = PBXGroup;
			children = (
				3D8DAFBC1F5DA7200095357C /* SwiftKeychainWrapper.xcodeproj */,
				3D8DAF801F5C91460095357C /* Alamofire.xcodeproj */,
				3D8DAFA71F5C9BDD0095357C /* DesignableX */,
				3D2517431F58B47C0018E0E2 /* Observer-Assist */,
				3D2517421F58B47C0018E0E2 /* Products */,
				50223824C891AD6551AAB82A /* Pods */,
				BA637C91966D682BF7ABD61A /* Frameworks */,
			);
			sourceTree = "<group>";
		};
		3D2517421F58B47C0018E0E2 /* Products */ = {
			isa = PBXGroup;
			children = (
				3D2517411F58B47C0018E0E2 /* Observer-Assist.app */,
			);
			name = Products;
			sourceTree = "<group>";
		};
		3D2517431F58B47C0018E0E2 /* Observer-Assist */ = {
			isa = PBXGroup;
			children = (
				3D8DAE6E1F5C65050095357C /* View */,
				3D8DAE6B1F5B56AC0095357C /* Model */,
				3D8DAE641F5B3E710095357C /* Controller */,
				3D2517441F58B47C0018E0E2 /* AppDelegate.swift */,
				3D2517461F58B47C0018E0E2 /* ViewController.swift */,
				3D2517481F58B47C0018E0E2 /* Main.storyboard */,
				3D25174B1F58B47C0018E0E2 /* Assets.xcassets */,
				3D25174D1F58B47C0018E0E2 /* LaunchScreen.storyboard */,
				3D2517501F58B47C0018E0E2 /* Info.plist */,
				3D8DAFCC1F5DAB370095357C /* RegistrationViewController.swift */,
			);
			path = "Observer-Assist";
			sourceTree = "<group>";
		};
		3D8DAE641F5B3E710095357C /* Controller */ = {
			isa = PBXGroup;
			children = (
				3D8DAE711F5C65700095357C /* Patient */,
				3D8DAFA31F5C92EA0095357C /* Observation */,
			);
			name = Controller;
			sourceTree = "<group>";
		};
		3D8DAE6B1F5B56AC0095357C /* Model */ = {
			isa = PBXGroup;
			children = (
				3D8DAE6C1F5B56F40095357C /* Global.swift */,
			);
			name = Model;
			sourceTree = "<group>";
		};
		3D8DAE6E1F5C65050095357C /* View */ = {
			isa = PBXGroup;
			children = (
			);
			name = View;
			sourceTree = "<group>";
		};
		3D8DAE711F5C65700095357C /* Patient */ = {
			isa = PBXGroup;
			children = (
				3D8DAE651F5B3EF70095357C /* PatientViewController.swift */,
				3D8DAE6F1F5C65660095357C /* PatientTableViewCell.swift */,
			);
			name = Patient;
			sourceTree = "<group>";
		};
		3D8DAF811F5C91460095357C /* Products */ = {
			isa = PBXGroup;
			children = (
				3D8DAF8C1F5C91460095357C /* Alamofire.framework */,
				3D8DAF8E1F5C91460095357C /* Alamofire iOS Tests.xctest */,
				3D8DAF901F5C91460095357C /* Alamofire.framework */,
				3D8DAF921F5C91460095357C /* Alamofire macOS Tests.xctest */,
				3D8DAF941F5C91460095357C /* Alamofire.framework */,
				3D8DAF961F5C91460095357C /* Alamofire tvOS Tests.xctest */,
				3D8DAF981F5C91460095357C /* Alamofire.framework */,
			);
			name = Products;
			sourceTree = "<group>";
		};
		3D8DAFA31F5C92EA0095357C /* Observation */ = {
			isa = PBXGroup;
			children = (
				3D8DAFA11F5C92DD0095357C /* ObserverViewController.swift */,
			);
			name = Observation;
			sourceTree = "<group>";
		};
		3D8DAFA71F5C9BDD0095357C /* DesignableX */ = {
			isa = PBXGroup;
			children = (
				3D8DAFA81F5C9BDD0095357C /* UIButtonX.swift */,
				3D8DAFA91F5C9BDD0095357C /* UIImageViewX.swift */,
				3D8DAFAA1F5C9BDD0095357C /* UILabelX.swift */,
				3D8DAFAB1F5C9BDD0095357C /* UISliderX.swift */,
				3D8DAFAC1F5C9BDD0095357C /* UITextFieldX.swift */,
				3D8DAFAD1F5C9BDD0095357C /* UIViewAnchorPoint.swift */,
				3D8DAFAE1F5C9BDD0095357C /* UIViewControllerX.swift */,
				3D8DAFAF1F5C9BDD0095357C /* UIViewX.swift */,
				3D8DAFB01F5C9BDD0095357C /* UIViewXRadialGradient.swift */,
				3D8DAFB11F5C9BDD0095357C /* UIVisualEffectViewX.swift */,
			);
			name = DesignableX;
			path = "../packages/DesignableX-master/DesignableXTesting/DesignableXTesting/DesignableX";
			sourceTree = "<group>";
		};
		3D8DAFBD1F5DA7200095357C /* Products */ = {
			isa = PBXGroup;
			children = (
				3D8DAFC31F5DA7200095357C /* SwiftKeychainWrapper.framework */,
				3D8DAFC51F5DA7200095357C /* SwiftKeychainWrapperTests.xctest */,
				3D8DAFC71F5DA7200095357C /* TestHostApp.app */,
			);
			name = Products;
			sourceTree = "<group>";
		};
		50223824C891AD6551AAB82A /* Pods */ = {
			isa = PBXGroup;
			children = (
			);
			name = Pods;
			sourceTree = "<group>";
		};
		BA637C91966D682BF7ABD61A /* Frameworks */ = {
			isa = PBXGroup;
			children = (
			);
			name = Frameworks;
			sourceTree = "<group>";
		};
/* End PBXGroup section */

/* Begin PBXNativeTarget section */
		3D2517401F58B47C0018E0E2 /* Observer-Assist */ = {
			isa = PBXNativeTarget;
			buildConfigurationList = 3D2517531F58B47C0018E0E2 /* Build configuration list for PBXNativeTarget "Observer-Assist" */;
			buildPhases = (
				3D25173D1F58B47C0018E0E2 /* Sources */,
				3D25173E1F58B47C0018E0E2 /* Frameworks */,
				3D25173F1F58B47C0018E0E2 /* Resources */,
				3D8DAF9D1F5C91700095357C /* Embed Frameworks */,
			);
			buildRules = (
			);
			dependencies = (
				3D8DAF9C1F5C916F0095357C /* PBXTargetDependency */,
				3D8DAFCB1F5DA74A0095357C /* PBXTargetDependency */,
			);
			name = "Observer-Assist";
			productName = "Observer-Assist";
			productReference = 3D2517411F58B47C0018E0E2 /* Observer-Assist.app */;
			productType = "com.apple.product-type.application";
		};
/* End PBXNativeTarget section */

/* Begin PBXProject section */
		3D2517391F58B47C0018E0E2 /* Project object */ = {
			isa = PBXProject;
			attributes = {
				LastSwiftUpdateCheck = 0830;
				LastUpgradeCheck = 0830;
				ORGANIZATIONNAME = admin;
				TargetAttributes = {
					3D2517401F58B47C0018E0E2 = {
						CreatedOnToolsVersion = 8.3.3;
						DevelopmentTeam = Y3BMC87S4X;
						ProvisioningStyle = Automatic;
					};
				};
			};
			buildConfigurationList = 3D25173C1F58B47C0018E0E2 /* Build configuration list for PBXProject "Observer-Assist" */;
			compatibilityVersion = "Xcode 3.2";
			developmentRegion = English;
			hasScannedForEncodings = 0;
			knownRegions = (
				en,
				Base,
			);
			mainGroup = 3D2517381F58B47C0018E0E2;
			productRefGroup = 3D2517421F58B47C0018E0E2 /* Products */;
			projectDirPath = "";
			projectReferences = (
				{
					ProductGroup = 3D8DAF811F5C91460095357C /* Products */;
					ProjectRef = 3D8DAF801F5C91460095357C /* Alamofire.xcodeproj */;
				},
				{
					ProductGroup = 3D8DAFBD1F5DA7200095357C /* Products */;
					ProjectRef = 3D8DAFBC1F5DA7200095357C /* SwiftKeychainWrapper.xcodeproj */;
				},
			);
			projectRoot = "";
			targets = (
				3D2517401F58B47C0018E0E2 /* Observer-Assist */,
			);
		};
/* End PBXProject section */

/* Begin PBXReferenceProxy section */
		3D8DAF8C1F5C91460095357C /* Alamofire.framework */ = {
			isa = PBXReferenceProxy;
			fileType = wrapper.framework;
			path = Alamofire.framework;
			remoteRef = 3D8DAF8B1F5C91460095357C /* PBXContainerItemProxy */;
			sourceTree = BUILT_PRODUCTS_DIR;
		};
		3D8DAF8E1F5C91460095357C /* Alamofire iOS Tests.xctest */ = {
			isa = PBXReferenceProxy;
			fileType = wrapper.cfbundle;
			path = "Alamofire iOS Tests.xctest";
			remoteRef = 3D8DAF8D1F5C91460095357C /* PBXContainerItemProxy */;
			sourceTree = BUILT_PRODUCTS_DIR;
		};
		3D8DAF901F5C91460095357C /* Alamofire.framework */ = {
			isa = PBXReferenceProxy;
			fileType = wrapper.framework;
			path = Alamofire.framework;
			remoteRef = 3D8DAF8F1F5C91460095357C /* PBXContainerItemProxy */;
			sourceTree = BUILT_PRODUCTS_DIR;
		};
		3D8DAF921F5C91460095357C /* Alamofire macOS Tests.xctest */ = {
			isa = PBXReferenceProxy;
			fileType = wrapper.cfbundle;
			path = "Alamofire macOS Tests.xctest";
			remoteRef = 3D8DAF911F5C91460095357C /* PBXContainerItemProxy */;
			sourceTree = BUILT_PRODUCTS_DIR;
		};
		3D8DAF941F5C91460095357C /* Alamofire.framework */ = {
			isa = PBXReferenceProxy;
			fileType = wrapper.framework;
			path = Alamofire.framework;
			remoteRef = 3D8DAF931F5C91460095357C /* PBXContainerItemProxy */;
			sourceTree = BUILT_PRODUCTS_DIR;
		};
		3D8DAF961F5C91460095357C /* Alamofire tvOS Tests.xctest */ = {
			isa = PBXReferenceProxy;
			fileType = wrapper.cfbundle;
			path = "Alamofire tvOS Tests.xctest";
			remoteRef = 3D8DAF951F5C91460095357C /* PBXContainerItemProxy */;
			sourceTree = BUILT_PRODUCTS_DIR;
		};
		3D8DAF981F5C91460095357C /* Alamofire.framework */ = {
			isa = PBXReferenceProxy;
			fileType = wrapper.framework;
			path = Alamofire.framework;
			remoteRef = 3D8DAF971F5C91460095357C /* PBXContainerItemProxy */;
			sourceTree = BUILT_PRODUCTS_DIR;
		};
		3D8DAFC31F5DA7200095357C /* SwiftKeychainWrapper.framework */ = {
			isa = PBXReferenceProxy;
			fileType = wrapper.framework;
			path = SwiftKeychainWrapper.framework;
			remoteRef = 3D8DAFC21F5DA7200095357C /* PBXContainerItemProxy */;
			sourceTree = BUILT_PRODUCTS_DIR;
		};
		3D8DAFC51F5DA7200095357C /* SwiftKeychainWrapperTests.xctest */ = {
			isa = PBXReferenceProxy;
			fileType = wrapper.cfbundle;
			path = SwiftKeychainWrapperTests.xctest;
			remoteRef = 3D8DAFC41F5DA7200095357C /* PBXContainerItemProxy */;
			sourceTree = BUILT_PRODUCTS_DIR;
		};
		3D8DAFC71F5DA7200095357C /* TestHostApp.app */ = {
			isa = PBXReferenceProxy;
			fileType = wrapper.application;
			path = TestHostApp.app;
			remoteRef = 3D8DAFC61F5DA7200095357C /* PBXContainerItemProxy */;
			sourceTree = BUILT_PRODUCTS_DIR;
		};
/* End PBXReferenceProxy section */

/* Begin PBXResourcesBuildPhase section */
		3D25173F1F58B47C0018E0E2 /* Resources */ = {
			isa = PBXResourcesBuildPhase;
			buildActionMask = 2147483647;
			files = (
				3D25174F1F58B47C0018E0E2 /* LaunchScreen.storyboard in Resources */,
				3D25174C1F58B47C0018E0E2 /* Assets.xcassets in Resources */,
				3D25174A1F58B47C0018E0E2 /* Main.storyboard in Resources */,
			);
			runOnlyForDeploymentPostprocessing = 0;
		};
/* End PBXResourcesBuildPhase section */

/* Begin PBXSourcesBuildPhase section */
		3D25173D1F58B47C0018E0E2 /* Sources */ = {
			isa = PBXSourcesBuildPhase;
			buildActionMask = 2147483647;
			files = (
				3D8DAFB71F5C9BDD0095357C /* UIViewAnchorPoint.swift in Sources */,
				3D8DAFB41F5C9BDD0095357C /* UILabelX.swift in Sources */,
				3D8DAFB51F5C9BDD0095357C /* UISliderX.swift in Sources */,
				3D8DAE6D1F5B56F40095357C /* Global.swift in Sources */,
				3D8DAFB31F5C9BDD0095357C /* UIImageViewX.swift in Sources */,
				3D8DAFB91F5C9BDD0095357C /* UIViewX.swift in Sources */,
				3D8DAFBB1F5C9BDD0095357C /* UIVisualEffectViewX.swift in Sources */,
				3D2517471F58B47C0018E0E2 /* ViewController.swift in Sources */,
				3D8DAFCD1F5DAB370095357C /* RegistrationViewController.swift in Sources */,
				3D8DAFA21F5C92DD0095357C /* ObserverViewController.swift in Sources */,
				3D8DAFBA1F5C9BDD0095357C /* UIViewXRadialGradient.swift in Sources */,
				3D8DAFB81F5C9BDD0095357C /* UIViewControllerX.swift in Sources */,
				3D8DAFB21F5C9BDD0095357C /* UIButtonX.swift in Sources */,
				3D8DAE701F5C65660095357C /* PatientTableViewCell.swift in Sources */,
				3D8DAFB61F5C9BDD0095357C /* UITextFieldX.swift in Sources */,
				3D2517451F58B47C0018E0E2 /* AppDelegate.swift in Sources */,
				3D8DAE661F5B3EF70095357C /* PatientViewController.swift in Sources */,
			);
			runOnlyForDeploymentPostprocessing = 0;
		};
/* End PBXSourcesBuildPhase section */

/* Begin PBXTargetDependency section */
		3D8DAF9C1F5C916F0095357C /* PBXTargetDependency */ = {
			isa = PBXTargetDependency;
			name = "Alamofire iOS";
			targetProxy = 3D8DAF9B1F5C916F0095357C /* PBXContainerItemProxy */;
		};
		3D8DAFCB1F5DA74A0095357C /* PBXTargetDependency */ = {
			isa = PBXTargetDependency;
			name = SwiftKeychainWrapper;
			targetProxy = 3D8DAFCA1F5DA74A0095357C /* PBXContainerItemProxy */;
		};
/* End PBXTargetDependency section */

/* Begin PBXVariantGroup section */
		3D2517481F58B47C0018E0E2 /* Main.storyboard */ = {
			isa = PBXVariantGroup;
			children = (
				3D2517491F58B47C0018E0E2 /* Base */,
			);
			name = Main.storyboard;
			sourceTree = "<group>";
		};
		3D25174D1F58B47C0018E0E2 /* LaunchScreen.storyboard */ = {
			isa = PBXVariantGroup;
			children = (
				3D25174E1F58B47C0018E0E2 /* Base */,
			);
			name = LaunchScreen.storyboard;
			sourceTree = "<group>";
		};
/* End PBXVariantGroup section */

/* Begin XCBuildConfiguration section */
		3D2517511F58B47C0018E0E2 /* Debug */ = {
			isa = XCBuildConfiguration;
			buildSettings = {
				ALWAYS_SEARCH_USER_PATHS = NO;
				CLANG_ANALYZER_NONNULL = YES;
				CLANG_ANALYZER_NUMBER_OBJECT_CONVERSION = YES_AGGRESSIVE;
				CLANG_CXX_LANGUAGE_STANDARD = "gnu++0x";
				CLANG_CXX_LIBRARY = "libc++";
				CLANG_ENABLE_MODULES = YES;
				CLANG_ENABLE_OBJC_ARC = YES;
				CLANG_WARN_BOOL_CONVERSION = YES;
				CLANG_WARN_CONSTANT_CONVERSION = YES;
				CLANG_WARN_DIRECT_OBJC_ISA_USAGE = YES_ERROR;
				CLANG_WARN_DOCUMENTATION_COMMENTS = YES;
				CLANG_WARN_EMPTY_BODY = YES;
				CLANG_WARN_ENUM_CONVERSION = YES;
				CLANG_WARN_INFINITE_RECURSION = YES;
				CLANG_WARN_INT_CONVERSION = YES;
				CLANG_WARN_OBJC_ROOT_CLASS = YES_ERROR;
				CLANG_WARN_SUSPICIOUS_MOVE = YES;
				CLANG_WARN_UNREACHABLE_CODE = YES;
				CLANG_WARN__DUPLICATE_METHOD_MATCH = YES;
				"CODE_SIGN_IDENTITY[sdk=iphoneos*]" = "iPhone Developer";
				COPY_PHASE_STRIP = NO;
				DEBUG_INFORMATION_FORMAT = dwarf;
				ENABLE_STRICT_OBJC_MSGSEND = YES;
				ENABLE_TESTABILITY = YES;
				GCC_C_LANGUAGE_STANDARD = gnu99;
				GCC_DYNAMIC_NO_PIC = NO;
				GCC_NO_COMMON_BLOCKS = YES;
				GCC_OPTIMIZATION_LEVEL = 0;
				GCC_PREPROCESSOR_DEFINITIONS = (
					"DEBUG=1",
					"$(inherited)",
				);
				GCC_WARN_64_TO_32_BIT_CONVERSION = YES;
				GCC_WARN_ABOUT_RETURN_TYPE = YES_ERROR;
				GCC_WARN_UNDECLARED_SELECTOR = YES;
				GCC_WARN_UNINITIALIZED_AUTOS = YES_AGGRESSIVE;
				GCC_WARN_UNUSED_FUNCTION = YES;
				GCC_WARN_UNUSED_VARIABLE = YES;
				IPHONEOS_DEPLOYMENT_TARGET = 9.0;
				MTL_ENABLE_DEBUG_INFO = YES;
				ONLY_ACTIVE_ARCH = YES;
				SDKROOT = iphoneos;
				SWIFT_ACTIVE_COMPILATION_CONDITIONS = DEBUG;
				SWIFT_OPTIMIZATION_LEVEL = "-Onone";
			};
			name = Debug;
		};
		3D2517521F58B47C0018E0E2 /* Release */ = {
			isa = XCBuildConfiguration;
			buildSettings = {
				ALWAYS_SEARCH_USER_PATHS = NO;
				CLANG_ANALYZER_NONNULL = YES;
				CLANG_ANALYZER_NUMBER_OBJECT_CONVERSION = YES_AGGRESSIVE;
				CLANG_CXX_LANGUAGE_STANDARD = "gnu++0x";
				CLANG_CXX_LIBRARY = "libc++";
				CLANG_ENABLE_MODULES = YES;
				CLANG_ENABLE_OBJC_ARC = YES;
				CLANG_WARN_BOOL_CONVERSION = YES;
				CLANG_WARN_CONSTANT_CONVERSION = YES;
				CLANG_WARN_DIRECT_OBJC_ISA_USAGE = YES_ERROR;
				CLANG_WARN_DOCUMENTATION_COMMENTS = YES;
				CLANG_WARN_EMPTY_BODY = YES;
				CLANG_WARN_ENUM_CONVERSION = YES;
				CLANG_WARN_INFINITE_RECURSION = YES;
				CLANG_WARN_INT_CONVERSION = YES;
				CLANG_WARN_OBJC_ROOT_CLASS = YES_ERROR;
				CLANG_WARN_SUSPICIOUS_MOVE = YES;
				CLANG_WARN_UNREACHABLE_CODE = YES;
				CLANG_WARN__DUPLICATE_METHOD_MATCH = YES;
				"CODE_SIGN_IDENTITY[sdk=iphoneos*]" = "iPhone Developer";
				COPY_PHASE_STRIP = NO;
				DEBUG_INFORMATION_FORMAT = "dwarf-with-dsym";
				ENABLE_NS_ASSERTIONS = NO;
				ENABLE_STRICT_OBJC_MSGSEND = YES;
				GCC_C_LANGUAGE_STANDARD = gnu99;
				GCC_NO_COMMON_BLOCKS = YES;
				GCC_WARN_64_TO_32_BIT_CONVERSION = YES;
				GCC_WARN_ABOUT_RETURN_TYPE = YES_ERROR;
				GCC_WARN_UNDECLARED_SELECTOR = YES;
				GCC_WARN_UNINITIALIZED_AUTOS = YES_AGGRESSIVE;
				GCC_WARN_UNUSED_FUNCTION = YES;
				GCC_WARN_UNUSED_VARIABLE = YES;
				IPHONEOS_DEPLOYMENT_TARGET = 9.0;
				MTL_ENABLE_DEBUG_INFO = NO;
				SDKROOT = iphoneos;
				SWIFT_OPTIMIZATION_LEVEL = "-Owholemodule";
				VALIDATE_PRODUCT = YES;
			};
			name = Release;
		};
		3D2517541F58B47C0018E0E2 /* Debug */ = {
			isa = XCBuildConfiguration;
			buildSettings = {
				ALWAYS_EMBED_SWIFT_STANDARD_LIBRARIES = YES;
				ASSETCATALOG_COMPILER_APPICON_NAME = AppIcon;
				DEVELOPMENT_TEAM = Y3BMC87S4X;
				INFOPLIST_FILE = "Observer-Assist/Info.plist";
				IPHONEOS_DEPLOYMENT_TARGET = 9.0;
				LD_RUNPATH_SEARCH_PATHS = "$(inherited) @executable_path/Frameworks";
				PRODUCT_BUNDLE_IDENTIFIER = "com.handson.Observer-Assist";
				PRODUCT_NAME = "$(TARGET_NAME)";
				SWIFT_VERSION = 3.0;
			};
			name = Debug;
		};
		3D2517551F58B47C0018E0E2 /* Release */ = {
			isa = XCBuildConfiguration;
			buildSettings = {
				ALWAYS_EMBED_SWIFT_STANDARD_LIBRARIES = YES;
				ASSETCATALOG_COMPILER_APPICON_NAME = AppIcon;
				DEVELOPMENT_TEAM = Y3BMC87S4X;
				INFOPLIST_FILE = "Observer-Assist/Info.plist";
				IPHONEOS_DEPLOYMENT_TARGET = 9.0;
				LD_RUNPATH_SEARCH_PATHS = "$(inherited) @executable_path/Frameworks";
				PRODUCT_BUNDLE_IDENTIFIER = "com.handson.Observer-Assist";
				PRODUCT_NAME = "$(TARGET_NAME)";
				SWIFT_VERSION = 3.0;
			};
			name = Release;
		};
/* End XCBuildConfiguration section */

/* Begin XCConfigurationList section */
		3D25173C1F58B47C0018E0E2 /* Build configuration list for PBXProject "Observer-Assist" */ = {
			isa = XCConfigurationList;
			buildConfigurations = (
				3D2517511F58B47C0018E0E2 /* Debug */,
				3D2517521F58B47C0018E0E2 /* Release */,
			);
			defaultConfigurationIsVisible = 0;
			defaultConfigurationName = Release;
		};
		3D2517531F58B47C0018E0E2 /* Build configuration list for PBXNativeTarget "Observer-Assist" */ = {
			isa = XCConfigurationList;
			buildConfigurations = (
				3D2517541F58B47C0018E0E2 /* Debug */,
				3D2517551F58B47C0018E0E2 /* Release */,
			);
			defaultConfigurationIsVisible = 0;
			defaultConfigurationName = Release;
		};
/* End XCConfigurationList section */
	};
	rootObject = 3D2517391F58B47C0018E0E2 /* Project object */;
}
